
Microsoft Visual Studio Solution File, Format Version 12.00
# Visual Studio Version 17
VisualStudioVersion = 17.9.34728.123
MinimumVisualStudioVersion = 10.0.40219.1
Project("{FAE04EC0-301F-11D3-BF4B-00C04F79EFBC}") = "WebApiPrac", "WebApiPrac\WebApiPrac.csproj", "{B4314096-A7B9-49E6-996B-5B7F76CE4192}"
EndProject
Project("{2150E333-8FDC-42A3-9474-1A3956D46DE8}") = "Core", "Core", "{63D8E21F-FFAD-40F8-93E1-ADCF3777FC0B}"
EndProject
Project("{FAE04EC0-301F-11D3-BF4B-00C04F79EFBC}") = "Application", "Application\Application.csproj", "{B1B8136B-5964-40EC-8E38-761C493FFA68}"
EndProject
Project("{FAE04EC0-301F-11D3-BF4B-00C04F79EFBC}") = "Domain", "Domain\Domain.csproj", "{B2A9DEC3-FCE8-43E0-8F6E-98F4FD498411}"
EndProject
Project("{FAE04EC0-301F-11D3-BF4B-00C04F79EFBC}") = "Infrastructure", "Infrastructure\Infrastructure.csproj", "{D703F8CE-650A-4755-8C73-7CDA22DBDE0A}"
EndProject
Global
	GlobalSection(SolutionConfigurationPlatforms) = preSolution
		Debug|Any CPU = Debug|Any CPU
		Release|Any CPU = Release|Any CPU
	EndGlobalSection
	GlobalSection(ProjectConfigurationPlatforms) = postSolution
		{B4314096-A7B9-49E6-996B-5B7F76CE4192}.Debug|Any CPU.ActiveCfg = Debug|Any CPU
		{B4314096-A7B9-49E6-996B-5B7F76CE4192}.Debug|Any CPU.Build.0 = Debug|Any CPU
		{B4314096-A7B9-49E6-996B-5B7F76CE4192}.Release|Any CPU.ActiveCfg = Release|Any CPU
		{B4314096-A7B9-49E6-996B-5B7F76CE4192}.Release|Any CPU.Build.0 = Release|Any CPU
		{B1B8136B-5964-40EC-8E38-761C493FFA68}.Debug|Any CPU.ActiveCfg = Debug|Any CPU
		{B1B8136B-5964-40EC-8E38-761C493FFA68}.Debug|Any CPU.Build.0 = Debug|Any CPU
		{B1B8136B-5964-40EC-8E38-761C493FFA68}.Release|Any CPU.ActiveCfg = Release|Any CPU
		{B1B8136B-5964-40EC-8E38-761C493FFA68}.Release|Any CPU.Build.0 = Release|Any CPU
		{B2A9DEC3-FCE8-43E0-8F6E-98F4FD498411}.Debug|Any CPU.ActiveCfg = Debug|Any CPU
		{B2A9DEC3-FCE8-43E0-8F6E-98F4FD498411}.Debug|Any CPU.Build.0 = Debug|Any CPU
		{B2A9DEC3-FCE8-43E0-8F6E-98F4FD498411}.Release|Any CPU.ActiveCfg = Release|Any CPU
		{B2A9DEC3-FCE8-43E0-8F6E-98F4FD498411}.Release|Any CPU.Build.0 = Release|Any CPU
		{D703F8CE-650A-4755-8C73-7CDA22DBDE0A}.Debug|Any CPU.ActiveCfg = Debug|Any CPU
		{D703F8CE-650A-4755-8C73-7CDA22DBDE0A}.Debug|Any CPU.Build.0 = Debug|Any CPU
		{D703F8CE-650A-4755-8C73-7CDA22DBDE0A}.Release|Any CPU.ActiveCfg = Release|Any CPU
		{D703F8CE-650A-4755-8C73-7CDA22DBDE0A}.Release|Any CPU.Build.0 = Release|Any CPU
	EndGlobalSection
	GlobalSection(SolutionProperties) = preSolution
		HideSolutionNode = FALSE
	EndGlobalSection
	GlobalSection(NestedProjects) = preSolution
		{B1B8136B-5964-40EC-8E38-761C493FFA68} = {63D8E21F-FFAD-40F8-93E1-ADCF3777FC0B}
		{B2A9DEC3-FCE8-43E0-8F6E-98F4FD498411} = {63D8E21F-FFAD-40F8-93E1-ADCF3777FC0B}
	EndGlobalSection
	GlobalSection(ExtensibilityGlobals) = postSolution
		SolutionGuid = {7933F20F-5600-458B-AE68-3CA27849B022}
	EndGlobalSection
EndGlobal
